// !$*UTF8*$!
{
	archiveVersion = 1;
	classes = {
	};
	objectVersion = 50;
	objects = {

/* Begin PBXBuildFile section */
		36293EC020E38FEE00ADFADC /* AppDelegate.swift in Sources */ = {isa = PBXBuildFile; fileRef = 36293EBF20E38FEE00ADFADC /* AppDelegate.swift */; };
		36293EC220E38FEE00ADFADC /* TotalViewController.swift in Sources */ = {isa = PBXBuildFile; fileRef = 36293EC120E38FEE00ADFADC /* TotalViewController.swift */; };
		36293EC720E38FF000ADFADC /* Assets.xcassets in Resources */ = {isa = PBXBuildFile; fileRef = 36293EC620E38FF000ADFADC /* Assets.xcassets */; };
		36293ECA20E38FF000ADFADC /* LaunchScreen.storyboard in Resources */ = {isa = PBXBuildFile; fileRef = 36293EC820E38FF000ADFADC /* LaunchScreen.storyboard */; };
		363141C620E399F800B9CCC2 /* common.swift in Sources */ = {isa = PBXBuildFile; fileRef = 363141C520E399F800B9CCC2 /* common.swift */; };
		363141C820E39E3500B9CCC2 /* Main.storyboard in Resources */ = {isa = PBXBuildFile; fileRef = 363141C720E39E3500B9CCC2 /* Main.storyboard */; };
		363141CA20E3D0E500B9CCC2 /* LeftViewController.swift in Sources */ = {isa = PBXBuildFile; fileRef = 363141C920E3D0E500B9CCC2 /* LeftViewController.swift */; };
		363141CC20E3D10400B9CCC2 /* RightTabBarViewController.swift in Sources */ = {isa = PBXBuildFile; fileRef = 363141CB20E3D10400B9CCC2 /* RightTabBarViewController.swift */; };
		363141CE20E3D12F00B9CCC2 /* InformationViewController.swift in Sources */ = {isa = PBXBuildFile; fileRef = 363141CD20E3D12E00B9CCC2 /* InformationViewController.swift */; };
		363141D020E3D16B00B9CCC2 /* CuteFriendsViewController.swift in Sources */ = {isa = PBXBuildFile; fileRef = 363141CF20E3D16B00B9CCC2 /* CuteFriendsViewController.swift */; };
		363141D220E3D18700B9CCC2 /* TVViewController.swift in Sources */ = {isa = PBXBuildFile; fileRef = 363141D120E3D18700B9CCC2 /* TVViewController.swift */; };
		363141D420E3D19D00B9CCC2 /* MarketViewController.swift in Sources */ = {isa = PBXBuildFile; fileRef = 363141D320E3D19D00B9CCC2 /* MarketViewController.swift */; };
		363141D620E3D1C700B9CCC2 /* CombatGainsViewController.swift in Sources */ = {isa = PBXBuildFile; fileRef = 363141D520E3D1C700B9CCC2 /* CombatGainsViewController.swift */; };
		363141D820E3D44800B9CCC2 /* BaseViewController.swift in Sources */ = {isa = PBXBuildFile; fileRef = 363141D720E3D44800B9CCC2 /* BaseViewController.swift */; };
		363141DA20E3DBFF00B9CCC2 /* AboutMeViewController.swift in Sources */ = {isa = PBXBuildFile; fileRef = 363141D920E3DBFF00B9CCC2 /* AboutMeViewController.swift */; };
		3695D32C20ED15FB005587C9 /* NetWorkRequest.swift in Sources */ = {isa = PBXBuildFile; fileRef = 3695D32B20ED15FB005587C9 /* NetWorkRequest.swift */; };
		3695D32E20ED1764005587C9 /* LeftListView.swift in Sources */ = {isa = PBXBuildFile; fileRef = 3695D32D20ED1764005587C9 /* LeftListView.swift */; };
		3695D33020ED176E005587C9 /* LeftListView.xib in Resources */ = {isa = PBXBuildFile; fileRef = 3695D32F20ED176E005587C9 /* LeftListView.xib */; };
		36C6835D20ECA1F4006FE963 /* DynamicView.swift in Sources */ = {isa = PBXBuildFile; fileRef = 36C6835C20ECA1F4006FE963 /* DynamicView.swift */; };
		36C6835F20ECB478006FE963 /* Alamofire.framework in Frameworks */ = {isa = PBXBuildFile; fileRef = 36C6835E20ECB478006FE963 /* Alamofire.framework */; };
		36C6836120ECB47C006FE963 /* HandyJSON.framework in Frameworks */ = {isa = PBXBuildFile; fileRef = 36C6836020ECB47C006FE963 /* HandyJSON.framework */; };
		36C6836320ECB47F006FE963 /* Kingfisher.framework in Frameworks */ = {isa = PBXBuildFile; fileRef = 36C6836220ECB47F006FE963 /* Kingfisher.framework */; };
		36C6836520ECB484006FE963 /* SnapKit.framework in Frameworks */ = {isa = PBXBuildFile; fileRef = 36C6836420ECB484006FE963 /* SnapKit.framework */; };
		36C6836720ECB489006FE963 /* SwiftyJSON.framework in Frameworks */ = {isa = PBXBuildFile; fileRef = 36C6836620ECB489006FE963 /* SwiftyJSON.framework */; };
/* End PBXBuildFile section */

/* Begin PBXFileReference section */
		36293EBC20E38FEE00ADFADC /* 掌上英雄联盟.app */ = {isa = PBXFileReference; explicitFileType = wrapper.application; includeInIndex = 0; path = "掌上英雄联盟.app"; sourceTree = BUILT_PRODUCTS_DIR; };
		36293EBF20E38FEE00ADFADC /* AppDelegate.swift */ = {isa = PBXFileReference; lastKnownFileType = sourcecode.swift; path = AppDelegate.swift; sourceTree = "<group>"; };
		36293EC120E38FEE00ADFADC /* TotalViewController.swift */ = {isa = PBXFileReference; lastKnownFileType = sourcecode.swift; path = TotalViewController.swift; sourceTree = "<group>"; };
		36293EC620E38FF000ADFADC /* Assets.xcassets */ = {isa = PBXFileReference; lastKnownFileType = folder.assetcatalog; path = Assets.xcassets; sourceTree = "<group>"; };
		36293EC920E38FF000ADFADC /* Base */ = {isa = PBXFileReference; lastKnownFileType = file.storyboard; name = Base; path = Base.lproj/LaunchScreen.storyboard; sourceTree = "<group>"; };
		36293ECB20E38FF000ADFADC /* Info.plist */ = {isa = PBXFileReference; lastKnownFileType = text.plist.xml; path = Info.plist; sourceTree = "<group>"; };
		363141C520E399F800B9CCC2 /* common.swift */ = {isa = PBXFileReference; lastKnownFileType = sourcecode.swift; path = common.swift; sourceTree = "<group>"; };
		363141C720E39E3500B9CCC2 /* Main.storyboard */ = {isa = PBXFileReference; lastKnownFileType = file.storyboard; path = Main.storyboard; sourceTree = "<group>"; };
		363141C920E3D0E500B9CCC2 /* LeftViewController.swift */ = {isa = PBXFileReference; lastKnownFileType = sourcecode.swift; path = LeftViewController.swift; sourceTree = "<group>"; };
		363141CB20E3D10400B9CCC2 /* RightTabBarViewController.swift */ = {isa = PBXFileReference; lastKnownFileType = sourcecode.swift; path = RightTabBarViewController.swift; sourceTree = "<group>"; };
		363141CD20E3D12E00B9CCC2 /* InformationViewController.swift */ = {isa = PBXFileReference; lastKnownFileType = sourcecode.swift; path = InformationViewController.swift; sourceTree = "<group>"; };
		363141CF20E3D16B00B9CCC2 /* CuteFriendsViewController.swift */ = {isa = PBXFileReference; lastKnownFileType = sourcecode.swift; path = CuteFriendsViewController.swift; sourceTree = "<group>"; };
		363141D120E3D18700B9CCC2 /* TVViewController.swift */ = {isa = PBXFileReference; lastKnownFileType = sourcecode.swift; path = TVViewController.swift; sourceTree = "<group>"; };
		363141D320E3D19D00B9CCC2 /* MarketViewController.swift */ = {isa = PBXFileReference; lastKnownFileType = sourcecode.swift; path = MarketViewController.swift; sourceTree = "<group>"; };
		363141D520E3D1C700B9CCC2 /* CombatGainsViewController.swift */ = {isa = PBXFileReference; lastKnownFileType = sourcecode.swift; path = CombatGainsViewController.swift; sourceTree = "<group>"; };
		363141D720E3D44800B9CCC2 /* BaseViewController.swift */ = {isa = PBXFileReference; lastKnownFileType = sourcecode.swift; path = BaseViewController.swift; sourceTree = "<group>"; };
		363141D920E3DBFF00B9CCC2 /* AboutMeViewController.swift */ = {isa = PBXFileReference; lastKnownFileType = sourcecode.swift; path = AboutMeViewController.swift; sourceTree = "<group>"; };
		3695D32B20ED15FB005587C9 /* NetWorkRequest.swift */ = {isa = PBXFileReference; fileEncoding = 4; lastKnownFileType = sourcecode.swift; path = NetWorkRequest.swift; sourceTree = "<group>"; };
		3695D32D20ED1764005587C9 /* LeftListView.swift */ = {isa = PBXFileReference; lastKnownFileType = sourcecode.swift; path = LeftListView.swift; sourceTree = "<group>"; };
		3695D32F20ED176E005587C9 /* LeftListView.xib */ = {isa = PBXFileReference; lastKnownFileType = file.xib; path = LeftListView.xib; sourceTree = "<group>"; };
		36C6835C20ECA1F4006FE963 /* DynamicView.swift */ = {isa = PBXFileReference; lastKnownFileType = sourcecode.swift; path = DynamicView.swift; sourceTree = "<group>"; };
		36C6835E20ECB478006FE963 /* Alamofire.framework */ = {isa = PBXFileReference; explicitFileType = wrapper.framework; path = Alamofire.framework; sourceTree = BUILT_PRODUCTS_DIR; };
		36C6836020ECB47C006FE963 /* HandyJSON.framework */ = {isa = PBXFileReference; explicitFileType = wrapper.framework; path = HandyJSON.framework; sourceTree = BUILT_PRODUCTS_DIR; };
		36C6836220ECB47F006FE963 /* Kingfisher.framework */ = {isa = PBXFileReference; explicitFileType = wrapper.framework; path = Kingfisher.framework; sourceTree = BUILT_PRODUCTS_DIR; };
		36C6836420ECB484006FE963 /* SnapKit.framework */ = {isa = PBXFileReference; explicitFileType = wrapper.framework; path = SnapKit.framework; sourceTree = BUILT_PRODUCTS_DIR; };
		36C6836620ECB489006FE963 /* SwiftyJSON.framework */ = {isa = PBXFileReference; explicitFileType = wrapper.framework; path = SwiftyJSON.framework; sourceTree = BUILT_PRODUCTS_DIR; };
		DA0546C6ABA0EBC25B4B2731 /* Pods-掌上英雄联盟.debug.xcconfig */ = {isa = PBXFileReference; includeInIndex = 1; lastKnownFileType = text.xcconfig; name = "Pods-掌上英雄联盟.debug.xcconfig"; path = "Pods/Target Support Files/Pods-掌上英雄联盟/Pods-掌上英雄联盟.debug.xcconfig"; sourceTree = "<group>"; };
		DF2EFD5E19945239005C0FF9 /* Pods-掌上英雄联盟.release.xcconfig */ = {isa = PBXFileReference; includeInIndex = 1; lastKnownFileType = text.xcconfig; name = "Pods-掌上英雄联盟.release.xcconfig"; path = "Pods/Target Support Files/Pods-掌上英雄联盟/Pods-掌上英雄联盟.release.xcconfig"; sourceTree = "<group>"; };
		F5089A606823087722D8C449 /* Pods_______.framework */ = {isa = PBXFileReference; explicitFileType = wrapper.framework; includeInIndex = 0; path = "Pods_______.framework"; sourceTree = BUILT_PRODUCTS_DIR; };
/* End PBXFileReference section */

/* Begin PBXFrameworksBuildPhase section */
		36293EB920E38FEE00ADFADC /* Frameworks */ = {
			isa = PBXFrameworksBuildPhase;
			buildActionMask = 2147483647;
			files = (
				36C6836720ECB489006FE963 /* SwiftyJSON.framework in Frameworks */,
				36C6836520ECB484006FE963 /* SnapKit.framework in Frameworks */,
				36C6836320ECB47F006FE963 /* Kingfisher.framework in Frameworks */,
				36C6836120ECB47C006FE963 /* HandyJSON.framework in Frameworks */,
				36C6835F20ECB478006FE963 /* Alamofire.framework in Frameworks */,
			);
			runOnlyForDeploymentPostprocessing = 0;
		};
/* End PBXFrameworksBuildPhase section */

/* Begin PBXGroup section */
		36293EB320E38FEE00ADFADC = {
			isa = PBXGroup;
			children = (
				36293EBE20E38FEE00ADFADC /* 掌上英雄联盟 */,
				36293EBD20E38FEE00ADFADC /* Products */,
				E4575B0607E0BFCE2080108D /* Pods */,
				4F00FBA163CF9B00CAD32CE4 /* Frameworks */,
			);
			sourceTree = "<group>";
		};
		36293EBD20E38FEE00ADFADC /* Products */ = {
			isa = PBXGroup;
			children = (
				36293EBC20E38FEE00ADFADC /* 掌上英雄联盟.app */,
			);
			name = Products;
			sourceTree = "<group>";
		};
		36293EBE20E38FEE00ADFADC /* 掌上英雄联盟 */ = {
			isa = PBXGroup;
			children = (
				3695D32A20ED15DF005587C9 /* NetWorkRequest */,
				36293ECB20E38FF000ADFADC /* Info.plist */,
				363141D920E3DBFF00B9CCC2 /* AboutMeViewController.swift */,
				363141D320E3D19D00B9CCC2 /* MarketViewController.swift */,
				36293EC620E38FF000ADFADC /* Assets.xcassets */,
				3661ECE720E5372D000A0EBC /* BaseFile */,
				3661ECEB20E537E9000A0EBC /* CombatGains */,
				3661ECE920E53779000A0EBC /* CuteFriends */,
				3661ECE820E5376A000A0EBC /* Information */,
				3661ECEC20E53876000A0EBC /* LeftPart */,
				3661ECED20E5389B000A0EBC /* Market */,
				3661ECEA20E537DA000A0EBC /* Television */,
			);
			path = "掌上英雄联盟";
			sourceTree = "<group>";
		};
		3661ECE720E5372D000A0EBC /* BaseFile */ = {
			isa = PBXGroup;
			children = (
				363141C720E39E3500B9CCC2 /* Main.storyboard */,
				36293EC820E38FF000ADFADC /* LaunchScreen.storyboard */,
				363141C520E399F800B9CCC2 /* common.swift */,
				36293EBF20E38FEE00ADFADC /* AppDelegate.swift */,
				363141D720E3D44800B9CCC2 /* BaseViewController.swift */,
				36293EC120E38FEE00ADFADC /* TotalViewController.swift */,
				363141CB20E3D10400B9CCC2 /* RightTabBarViewController.swift */,
			);
			path = BaseFile;
			sourceTree = "<group>";
		};
		3661ECE820E5376A000A0EBC /* Information */ = {
			isa = PBXGroup;
			children = (
				363141CD20E3D12E00B9CCC2 /* InformationViewController.swift */,
			);
			path = Information;
			sourceTree = "<group>";
		};
		3661ECE920E53779000A0EBC /* CuteFriends */ = {
			isa = PBXGroup;
			children = (
				363141CF20E3D16B00B9CCC2 /* CuteFriendsViewController.swift */,
			);
			path = CuteFriends;
			sourceTree = "<group>";
		};
		3661ECEA20E537DA000A0EBC /* Television */ = {
			isa = PBXGroup;
			children = (
				363141D120E3D18700B9CCC2 /* TVViewController.swift */,
			);
			path = Television;
			sourceTree = "<group>";
		};
		3661ECEB20E537E9000A0EBC /* CombatGains */ = {
			isa = PBXGroup;
			children = (
				363141D520E3D1C700B9CCC2 /* CombatGainsViewController.swift */,
			);
			path = CombatGains;
			sourceTree = "<group>";
		};
		3661ECEC20E53876000A0EBC /* LeftPart */ = {
			isa = PBXGroup;
			children = (
				36C6835B20ECA1D0006FE963 /* Model */,
				36C6835A20ECA1CB006FE963 /* View */,
				36C6835920ECA1BE006FE963 /* ViewController */,
			);
			path = LeftPart;
			sourceTree = "<group>";
		};
		3661ECED20E5389B000A0EBC /* Market */ = {
			isa = PBXGroup;
			children = (
			);
			path = Market;
			sourceTree = "<group>";
		};
		3695D32A20ED15DF005587C9 /* NetWorkRequest */ = {
			isa = PBXGroup;
			children = (
				3695D32B20ED15FB005587C9 /* NetWorkRequest.swift */,
			);
			path = NetWorkRequest;
			sourceTree = "<group>";
		};
		36C6835920ECA1BE006FE963 /* ViewController */ = {
			isa = PBXGroup;
			children = (
				363141C920E3D0E500B9CCC2 /* LeftViewController.swift */,
			);
			path = ViewController;
			sourceTree = "<group>";
		};
		36C6835A20ECA1CB006FE963 /* View */ = {
			isa = PBXGroup;
			children = (
				36C6835C20ECA1F4006FE963 /* DynamicView.swift */,
				3695D32D20ED1764005587C9 /* LeftListView.swift */,
				3695D32F20ED176E005587C9 /* LeftListView.xib */,
			);
			path = View;
			sourceTree = "<group>";
		};
		36C6835B20ECA1D0006FE963 /* Model */ = {
			isa = PBXGroup;
			children = (
			);
			path = Model;
			sourceTree = "<group>";
		};
		4F00FBA163CF9B00CAD32CE4 /* Frameworks */ = {
			isa = PBXGroup;
			children = (
				36C6836620ECB489006FE963 /* SwiftyJSON.framework */,
				36C6836420ECB484006FE963 /* SnapKit.framework */,
				36C6836220ECB47F006FE963 /* Kingfisher.framework */,
				36C6836020ECB47C006FE963 /* HandyJSON.framework */,
				36C6835E20ECB478006FE963 /* Alamofire.framework */,
				F5089A606823087722D8C449 /* Pods_______.framework */,
			);
			name = Frameworks;
			sourceTree = "<group>";
		};
		E4575B0607E0BFCE2080108D /* Pods */ = {
			isa = PBXGroup;
			children = (
				DA0546C6ABA0EBC25B4B2731 /* Pods-掌上英雄联盟.debug.xcconfig */,
				DF2EFD5E19945239005C0FF9 /* Pods-掌上英雄联盟.release.xcconfig */,
			);
			name = Pods;
			sourceTree = "<group>";
		};
/* End PBXGroup section */

/* Begin PBXNativeTarget section */
		36293EBB20E38FEE00ADFADC /* 掌上英雄联盟 */ = {
			isa = PBXNativeTarget;
			buildConfigurationList = 36293ECE20E38FF000ADFADC /* Build configuration list for PBXNativeTarget "掌上英雄联盟" */;
			buildPhases = (
				60B6EDA771742EBEF91A84BB /* [CP] Check Pods Manifest.lock */,
				36293EB820E38FEE00ADFADC /* Sources */,
				36293EB920E38FEE00ADFADC /* Frameworks */,
				36293EBA20E38FEE00ADFADC /* Resources */,
				A290C32DC5197CBFD61FCAAD /* [CP] Embed Pods Frameworks */,
			);
			buildRules = (
			);
			dependencies = (
			);
			name = "掌上英雄联盟";
			productName = "掌上英雄联盟";
			productReference = 36293EBC20E38FEE00ADFADC /* 掌上英雄联盟.app */;
			productType = "com.apple.product-type.application";
		};
/* End PBXNativeTarget section */

/* Begin PBXProject section */
		36293EB420E38FEE00ADFADC /* Project object */ = {
			isa = PBXProject;
			attributes = {
				LastSwiftUpdateCheck = 0940;
				LastUpgradeCheck = 0940;
				ORGANIZATIONNAME = frameworkdemo;
				TargetAttributes = {
					36293EBB20E38FEE00ADFADC = {
						CreatedOnToolsVersion = 9.4;
					};
				};
			};
			buildConfigurationList = 36293EB720E38FEE00ADFADC /* Build configuration list for PBXProject "掌上英雄联盟" */;
			compatibilityVersion = "Xcode 9.3";
			developmentRegion = en;
			hasScannedForEncodings = 0;
			knownRegions = (
				en,
				Base,
			);
			mainGroup = 36293EB320E38FEE00ADFADC;
			productRefGroup = 36293EBD20E38FEE00ADFADC /* Products */;
			projectDirPath = "";
			projectRoot = "";
			targets = (
				36293EBB20E38FEE00ADFADC /* 掌上英雄联盟 */,
			);
		};
/* End PBXProject section */

/* Begin PBXResourcesBuildPhase section */
		36293EBA20E38FEE00ADFADC /* Resources */ = {
			isa = PBXResourcesBuildPhase;
			buildActionMask = 2147483647;
			files = (
				363141C820E39E3500B9CCC2 /* Main.storyboard in Resources */,
				36293ECA20E38FF000ADFADC /* LaunchScreen.storyboard in Resources */,
				36293EC720E38FF000ADFADC /* Assets.xcassets in Resources */,
				3695D33020ED176E005587C9 /* LeftListView.xib in Resources */,
			);
			runOnlyForDeploymentPostprocessing = 0;
		};
/* End PBXResourcesBuildPhase section */

/* Begin PBXShellScriptBuildPhase section */
		60B6EDA771742EBEF91A84BB /* [CP] Check Pods Manifest.lock */ = {
			isa = PBXShellScriptBuildPhase;
			buildActionMask = 2147483647;
			files = (
			);
			inputPaths = (
				"${PODS_PODFILE_DIR_PATH}/Podfile.lock",
				"${PODS_ROOT}/Manifest.lock",
			);
			name = "[CP] Check Pods Manifest.lock";
			outputPaths = (
				"$(DERIVED_FILE_DIR)/Pods-掌上英雄联盟-checkManifestLockResult.txt",
			);
			runOnlyForDeploymentPostprocessing = 0;
			shellPath = /bin/sh;
			shellScript = "diff \"${PODS_PODFILE_DIR_PATH}/Podfile.lock\" \"${PODS_ROOT}/Manifest.lock\" > /dev/null\nif [ $? != 0 ] ; then\n    # print error to STDERR\n    echo \"error: The sandbox is not in sync with the Podfile.lock. Run 'pod install' or update your CocoaPods installation.\" >&2\n    exit 1\nfi\n# This output is used by Xcode 'outputs' to avoid re-running this script phase.\necho \"SUCCESS\" > \"${SCRIPT_OUTPUT_FILE_0}\"\n";
			showEnvVarsInLog = 0;
		};
		A290C32DC5197CBFD61FCAAD /* [CP] Embed Pods Frameworks */ = {
			isa = PBXShellScriptBuildPhase;
			buildActionMask = 2147483647;
			files = (
			);
			inputPaths = (
				"${SRCROOT}/Pods/Target Support Files/Pods-掌上英雄联盟/Pods-掌上英雄联盟-frameworks.sh",
				"${BUILT_PRODUCTS_DIR}/Alamofire/Alamofire.framework",
				"${BUILT_PRODUCTS_DIR}/HandyJSON/HandyJSON.framework",
				"${BUILT_PRODUCTS_DIR}/Kingfisher/Kingfisher.framework",
				"${BUILT_PRODUCTS_DIR}/SnapKit/SnapKit.framework",
				"${BUILT_PRODUCTS_DIR}/SwiftyJSON/SwiftyJSON.framework",
			);
			name = "[CP] Embed Pods Frameworks";
			outputPaths = (
				"${TARGET_BUILD_DIR}/${FRAMEWORKS_FOLDER_PATH}/Alamofire.framework",
				"${TARGET_BUILD_DIR}/${FRAMEWORKS_FOLDER_PATH}/HandyJSON.framework",
				"${TARGET_BUILD_DIR}/${FRAMEWORKS_FOLDER_PATH}/Kingfisher.framework",
				"${TARGET_BUILD_DIR}/${FRAMEWORKS_FOLDER_PATH}/SnapKit.framework",
				"${TARGET_BUILD_DIR}/${FRAMEWORKS_FOLDER_PATH}/SwiftyJSON.framework",
			);
			runOnlyForDeploymentPostprocessing = 0;
			shellPath = /bin/sh;
			shellScript = "\"${SRCROOT}/Pods/Target Support Files/Pods-掌上英雄联盟/Pods-掌上英雄联盟-frameworks.sh\"\n";
			showEnvVarsInLog = 0;
		};
/* End PBXShellScriptBuildPhase section */

/* Begin PBXSourcesBuildPhase section */
		36293EB820E38FEE00ADFADC /* Sources */ = {
			isa = PBXSourcesBuildPhase;
			buildActionMask = 2147483647;
			files = (
				363141CC20E3D10400B9CCC2 /* RightTabBarViewController.swift in Sources */,
				363141D620E3D1C700B9CCC2 /* CombatGainsViewController.swift in Sources */,
				363141D820E3D44800B9CCC2 /* BaseViewController.swift in Sources */,
				36293EC220E38FEE00ADFADC /* TotalViewController.swift in Sources */,
				363141D220E3D18700B9CCC2 /* TVViewController.swift in Sources */,
				363141CA20E3D0E500B9CCC2 /* LeftViewController.swift in Sources */,
				36293EC020E38FEE00ADFADC /* AppDelegate.swift in Sources */,
				363141C620E399F800B9CCC2 /* common.swift in Sources */,
				3695D32C20ED15FB005587C9 /* NetWorkRequest.swift in Sources */,
				363141D020E3D16B00B9CCC2 /* CuteFriendsViewController.swift in Sources */,
				36C6835D20ECA1F4006FE963 /* DynamicView.swift in Sources */,
				363141D420E3D19D00B9CCC2 /* MarketViewController.swift in Sources */,
				363141DA20E3DBFF00B9CCC2 /* AboutMeViewController.swift in Sources */,
				363141CE20E3D12F00B9CCC2 /* InformationViewController.swift in Sources */,
				3695D32E20ED1764005587C9 /* LeftListView.swift in Sources */,
			);
			runOnlyForDeploymentPostprocessing = 0;
		};
/* End PBXSourcesBuildPhase section */

/* Begin PBXVariantGroup section */
		36293EC820E38FF000ADFADC /* LaunchScreen.storyboard */ = {
			isa = PBXVariantGroup;
			children = (
				36293EC920E38FF000ADFADC /* Base */,
			);
			name = LaunchScreen.storyboard;
			sourceTree = "<group>";
		};
/* End PBXVariantGroup section */

/* Begin XCBuildConfiguration section */
		36293ECC20E38FF000ADFADC /* Debug */ = {
			isa = XCBuildConfiguration;
			buildSettings = {
				ALWAYS_SEARCH_USER_PATHS = NO;
				CLANG_ANALYZER_NONNULL = YES;
				CLANG_ANALYZER_NUMBER_OBJECT_CONVERSION = YES_AGGRESSIVE;
				CLANG_CXX_LANGUAGE_STANDARD = "gnu++14";
				CLANG_CXX_LIBRARY = "libc++";
				CLANG_ENABLE_MODULES = YES;
				CLANG_ENABLE_OBJC_ARC = YES;
				CLANG_ENABLE_OBJC_WEAK = YES;
				CLANG_WARN_BLOCK_CAPTURE_AUTORELEASING = YES;
				CLANG_WARN_BOOL_CONVERSION = YES;
				CLANG_WARN_COMMA = YES;
				CLANG_WARN_CONSTANT_CONVERSION = YES;
				CLANG_WARN_DEPRECATED_OBJC_IMPLEMENTATIONS = YES;
				CLANG_WARN_DIRECT_OBJC_ISA_USAGE = YES_ERROR;
				CLANG_WARN_DOCUMENTATION_COMMENTS = YES;
				CLANG_WARN_EMPTY_BODY = YES;
				CLANG_WARN_ENUM_CONVERSION = YES;
				CLANG_WARN_INFINITE_RECURSION = YES;
				CLANG_WARN_INT_CONVERSION = YES;
				CLANG_WARN_NON_LITERAL_NULL_CONVERSION = YES;
				CLANG_WARN_OBJC_IMPLICIT_RETAIN_SELF = YES;
				CLANG_WARN_OBJC_LITERAL_CONVERSION = YES;
				CLANG_WARN_OBJC_ROOT_CLASS = YES_ERROR;
				CLANG_WARN_RANGE_LOOP_ANALYSIS = YES;
				CLANG_WARN_STRICT_PROTOTYPES = YES;
				CLANG_WARN_SUSPICIOUS_MOVE = YES;
				CLANG_WARN_UNGUARDED_AVAILABILITY = YES_AGGRESSIVE;
				CLANG_WARN_UNREACHABLE_CODE = YES;
				CLANG_WARN__DUPLICATE_METHOD_MATCH = YES;
				CODE_SIGN_IDENTITY = "iPhone Developer";
				COPY_PHASE_STRIP = NO;
				DEBUG_INFORMATION_FORMAT = dwarf;
				ENABLE_STRICT_OBJC_MSGSEND = YES;
				ENABLE_TESTABILITY = YES;
				GCC_C_LANGUAGE_STANDARD = gnu11;
				GCC_DYNAMIC_NO_PIC = NO;
				GCC_NO_COMMON_BLOCKS = YES;
				GCC_OPTIMIZATION_LEVEL = 0;
				GCC_PREPROCESSOR_DEFINITIONS = (
					"DEBUG=1",
					"$(inherited)",
				);
				GCC_WARN_64_TO_32_BIT_CONVERSION = YES;
				GCC_WARN_ABOUT_RETURN_TYPE = YES_ERROR;
				GCC_WARN_UNDECLARED_SELECTOR = YES;
				GCC_WARN_UNINITIALIZED_AUTOS = YES_AGGRESSIVE;
				GCC_WARN_UNUSED_FUNCTION = YES;
				GCC_WARN_UNUSED_VARIABLE = YES;
				IPHONEOS_DEPLOYMENT_TARGET = 11.4;
				MTL_ENABLE_DEBUG_INFO = YES;
				ONLY_ACTIVE_ARCH = YES;
				SDKROOT = iphoneos;
				SWIFT_ACTIVE_COMPILATION_CONDITIONS = DEBUG;
				SWIFT_OPTIMIZATION_LEVEL = "-Onone";
			};
			name = Debug;
		};
		36293ECD20E38FF000ADFADC /* Release */ = {
			isa = XCBuildConfiguration;
			buildSettings = {
				ALWAYS_SEARCH_USER_PATHS = NO;
				CLANG_ANALYZER_NONNULL = YES;
				CLANG_ANALYZER_NUMBER_OBJECT_CONVERSION = YES_AGGRESSIVE;
				CLANG_CXX_LANGUAGE_STANDARD = "gnu++14";
				CLANG_CXX_LIBRARY = "libc++";
				CLANG_ENABLE_MODULES = YES;
				CLANG_ENABLE_OBJC_ARC = YES;
				CLANG_ENABLE_OBJC_WEAK = YES;
				CLANG_WARN_BLOCK_CAPTURE_AUTORELEASING = YES;
				CLANG_WARN_BOOL_CONVERSION = YES;
				CLANG_WARN_COMMA = YES;
				CLANG_WARN_CONSTANT_CONVERSION = YES;
				CLANG_WARN_DEPRECATED_OBJC_IMPLEMENTATIONS = YES;
				CLANG_WARN_DIRECT_OBJC_ISA_USAGE = YES_ERROR;
				CLANG_WARN_DOCUMENTATION_COMMENTS = YES;
				CLANG_WARN_EMPTY_BODY = YES;
				CLANG_WARN_ENUM_CONVERSION = YES;
				CLANG_WARN_INFINITE_RECURSION = YES;
				CLANG_WARN_INT_CONVERSION = YES;
				CLANG_WARN_NON_LITERAL_NULL_CONVERSION = YES;
				CLANG_WARN_OBJC_IMPLICIT_RETAIN_SELF = YES;
				CLANG_WARN_OBJC_LITERAL_CONVERSION = YES;
				CLANG_WARN_OBJC_ROOT_CLASS = YES_ERROR;
				CLANG_WARN_RANGE_LOOP_ANALYSIS = YES;
				CLANG_WARN_STRICT_PROTOTYPES = YES;
				CLANG_WARN_SUSPICIOUS_MOVE = YES;
				CLANG_WARN_UNGUARDED_AVAILABILITY = YES_AGGRESSIVE;
				CLANG_WARN_UNREACHABLE_CODE = YES;
				CLANG_WARN__DUPLICATE_METHOD_MATCH = YES;
				CODE_SIGN_IDENTITY = "iPhone Developer";
				COPY_PHASE_STRIP = NO;
				DEBUG_INFORMATION_FORMAT = "dwarf-with-dsym";
				ENABLE_NS_ASSERTIONS = NO;
				ENABLE_STRICT_OBJC_MSGSEND = YES;
				GCC_C_LANGUAGE_STANDARD = gnu11;
				GCC_NO_COMMON_BLOCKS = YES;
				GCC_WARN_64_TO_32_BIT_CONVERSION = YES;
				GCC_WARN_ABOUT_RETURN_TYPE = YES_ERROR;
				GCC_WARN_UNDECLARED_SELECTOR = YES;
				GCC_WARN_UNINITIALIZED_AUTOS = YES_AGGRESSIVE;
				GCC_WARN_UNUSED_FUNCTION = YES;
				GCC_WARN_UNUSED_VARIABLE = YES;
				IPHONEOS_DEPLOYMENT_TARGET = 11.4;
				MTL_ENABLE_DEBUG_INFO = NO;
				SDKROOT = iphoneos;
				SWIFT_COMPILATION_MODE = wholemodule;
				SWIFT_OPTIMIZATION_LEVEL = "-O";
				VALIDATE_PRODUCT = YES;
			};
			name = Release;
		};
		36293ECF20E38FF000ADFADC /* Debug */ = {
			isa = XCBuildConfiguration;
			baseConfigurationReference = DA0546C6ABA0EBC25B4B2731 /* Pods-掌上英雄联盟.debug.xcconfig */;
			buildSettings = {
				ASSETCATALOG_COMPILER_APPICON_NAME = AppIcon;
				CODE_SIGN_STYLE = Automatic;
				DEVELOPMENT_TEAM = 9PT8U8N498;
				INFOPLIST_FILE = "掌上英雄联盟/Info.plist";
				LD_RUNPATH_SEARCH_PATHS = (
					"$(inherited)",
					"@executable_path/Frameworks",
				);
				PRODUCT_BUNDLE_IDENTIFIER = "frameworkdemo.------";
				PRODUCT_NAME = "$(TARGET_NAME)";
				SWIFT_VERSION = 4.0;
				TARGETED_DEVICE_FAMILY = "1,2";
			};
			name = Debug;
		};
		36293ED020E38FF000ADFADC /* Release */ = {
			isa = XCBuildConfiguration;
			baseConfigurationReference = DF2EFD5E19945239005C0FF9 /* Pods-掌上英雄联盟.release.xcconfig */;
			buildSettings = {
				ASSETCATALOG_COMPILER_APPICON_NAME = AppIcon;
				CODE_SIGN_STYLE = Automatic;
				DEVELOPMENT_TEAM = 9PT8U8N498;
				INFOPLIST_FILE = "掌上英雄联盟/Info.plist";
				LD_RUNPATH_SEARCH_PATHS = (
					"$(inherited)",
					"@executable_path/Frameworks",
				);
				PRODUCT_BUNDLE_IDENTIFIER = "frameworkdemo.------";
				PRODUCT_NAME = "$(TARGET_NAME)";
				SWIFT_VERSION = 4.0;
				TARGETED_DEVICE_FAMILY = "1,2";
			};
			name = Release;
		};
/* End XCBuildConfiguration section */

/* Begin XCConfigurationList section */
		36293EB720E38FEE00ADFADC /* Build configuration list for PBXProject "掌上英雄联盟" */ = {
			isa = XCConfigurationList;
			buildConfigurations = (
				36293ECC20E38FF000ADFADC /* Debug */,
				36293ECD20E38FF000ADFADC /* Release */,
			);
			defaultConfigurationIsVisible = 0;
			defaultConfigurationName = Release;
		};
		36293ECE20E38FF000ADFADC /* Build configuration list for PBXNativeTarget "掌上英雄联盟" */ = {
			isa = XCConfigurationList;
			buildConfigurations = (
				36293ECF20E38FF000ADFADC /* Debug */,
				36293ED020E38FF000ADFADC /* Release */,
			);
			defaultConfigurationIsVisible = 0;
			defaultConfigurationName = Release;
		};
/* End XCConfigurationList section */
	};
	rootObject = 36293EB420E38FEE00ADFADC /* Project object */;
}
